
Microsoft Visual Studio Solution File, Format Version 12.00
# Visual Studio 15
VisualStudioVersion = 15.0.28307.1433
MinimumVisualStudioVersion = 10.0.40219.1
Project("{8BC9CEB8-8B4A-11D0-8D11-00A0C91BC942}") = "lei", "lei\lei.vcxproj", "{580E66D0-4193-48B4-BE4C-1B0DF353D52C}"
EndProject
Global
	GlobalSection(SolutionConfigurationPlatforms) = preSolution
		Debug|x64 = Debug|x64
		Debug|x86 = Debug|x86
		Release|x64 = Release|x64
		Release|x86 = Release|x86
	EndGlobalSection
	GlobalSection(ProjectConfigurationPlatforms) = postSolution
		{580E66D0-4193-48B4-BE4C-1B0DF353D52C}.Debug|x64.ActiveCfg = Debug|x64
		{580E66D0-4193-48B4-BE4C-1B0DF353D52C}.Debug|x64.Build.0 = Debug|x64
		{580E66D0-4193-48B4-BE4C-1B0DF353D52C}.Debug|x86.ActiveCfg = Debug|Win32
		{580E66D0-4193-48B4-BE4C-1B0DF353D52C}.Debug|x86.Build.0 = Debug|Win32
		{580E66D0-4193-48B4-BE4C-1B0DF353D52C}.Release|x64.ActiveCfg = Release|x64
		{580E66D0-4193-48B4-BE4C-1B0DF353D52C}.Release|x64.Build.0 = Release|x64
		{580E66D0-4193-48B4-BE4C-1B0DF353D52C}.Release|x86.ActiveCfg = Release|Win32
		{580E66D0-4193-48B4-BE4C-1B0DF353D52C}.Release|x86.Build.0 = Release|Win32
	EndGlobalSection
	GlobalSection(SolutionProperties) = preSolution
		HideSolutionNode = FALSE
	EndGlobalSection
	GlobalSection(ExtensibilityGlobals) = postSolution
		SolutionGuid = {BBDD25EB-A9CA-4E92-8C97-D6F8EB836B5E}
	EndGlobalSection
EndGlobal
